
Microsoft Visual Studio Solution File, Format Version 12.00
# Visual Studio Version 17
VisualStudioVersion = 17.5.002.0
MinimumVisualStudioVersion = 10.0.40219.1
Project("{9A19103F-16F7-4668-BE54-9A1E7A4F7556}") = "BookStoreApp", "BookStoreApp.csproj", "{0B0066EB-0A56-412F-8510-C79634007962}"
EndProject
Global
	GlobalSection(SolutionConfigurationPlatforms) = preSolution
		Debug|Any CPU = Debug|Any CPU
		Release|Any CPU = Release|Any CPU
	EndGlobalSection
	GlobalSection(ProjectConfigurationPlatforms) = postSolution
		{0B0066EB-0A56-412F-8510-C79634007962}.Debug|Any CPU.ActiveCfg = Debug|Any CPU
		{0B0066EB-0A56-412F-8510-C79634007962}.Debug|Any CPU.Build.0 = Debug|Any CPU
		{0B0066EB-0A56-412F-8510-C79634007962}.Release|Any CPU.ActiveCfg = Release|Any CPU
		{0B0066EB-0A56-412F-8510-C79634007962}.Release|Any CPU.Build.0 = Release|Any CPU
	EndGlobalSection
	GlobalSection(SolutionProperties) = preSolution
		HideSolutionNode = FALSE
	EndGlobalSection
	GlobalSection(ExtensibilityGlobals) = postSolution
		SolutionGuid = {7D4DFFB1-D113-4566-BA49-CF454932DA09}
	EndGlobalSection
EndGlobal
